
Microsoft Visual Studio Solution File, Format Version 12.00
# Visual Studio Version 17
VisualStudioVersion = 17.9.34622.214
MinimumVisualStudioVersion = 10.0.40219.1
Project("{8BC9CEB8-8B4A-11D0-8D11-00A0C91BC942}") = "CStudy", "CStudy.vcxproj", "{B200E5FA-F190-4107-8012-ABBD193CF269}"
EndProject
Project("{2150E333-8FDC-42A3-9474-1A3956D46DE8}") = "Chapter1", "Chapter1", "{292F2823-C6CD-40C2-AD9A-4C265A77178B}"
EndProject
Project("{8BC9CEB8-8B4A-11D0-8D11-00A0C91BC942}") = "Ch1", "..\Ch1\Ch1.vcxproj", "{B9827F47-A0CA-4DB7-AE36-1EAE98CDA133}"
EndProject
Project("{2150E333-8FDC-42A3-9474-1A3956D46DE8}") = "Chapter2", "Chapter2", "{F0EDE192-A33D-4F02-8536-0B8E003F68C8}"
EndProject
Project("{8BC9CEB8-8B4A-11D0-8D11-00A0C91BC942}") = "Ch2", "..\Ch2\Ch2.vcxproj", "{EB07D2BF-67AF-4572-9F62-F55AF8F76594}"
EndProject
Project("{2150E333-8FDC-42A3-9474-1A3956D46DE8}") = "Chapter3", "Chapter3", "{D3CA23D7-9FA1-48F4-830E-FDAC8D2423EF}"
EndProject
Project("{8BC9CEB8-8B4A-11D0-8D11-00A0C91BC942}") = "Operator", "..\Operator\Operator.vcxproj", "{DACD8512-783C-4674-B025-5281A9C83474}"
EndProject
Project("{2150E333-8FDC-42A3-9474-1A3956D46DE8}") = "Chapter4", "Chapter4", "{C8D5274F-AC00-46C7-1F8D-E88E81087A52}"
EndProject
Project("{8BC9CEB8-8B4A-11D0-8D11-00A0C91BC942}") = "Ch4", "..\Ch4\Ch4.vcxproj", "{46DEFB3A-8D9D-49BD-A59E-5CB058437CE5}"
EndProject
Project("{2150E333-8FDC-42A3-9474-1A3956D46DE8}") = "Chapter5", "Chapter5", "{FEF0BB1C-CD35-4A33-86A1-E20BDA751283}"
EndProject
Project("{8BC9CEB8-8B4A-11D0-8D11-00A0C91BC942}") = "Ch5", "..\Ch5\Ch5.vcxproj", "{EFB7E1B3-7760-453A-BA0A-5163B1CC52A2}"
EndProject
Project("{2150E333-8FDC-42A3-9474-1A3956D46DE8}") = "Chapter6", "Chapter6", "{7FEBAC68-85BF-4EC8-8C26-C0D851723FA4}"
EndProject
Project("{8BC9CEB8-8B4A-11D0-8D11-00A0C91BC942}") = "Ch6", "..\Ch6\Ch6.vcxproj", "{108FF16A-268D-489D-822B-8173F7493F57}"
EndProject
Project("{2150E333-8FDC-42A3-9474-1A3956D46DE8}") = "Chapter7", "Chapter7", "{4DB6E7CD-960A-4E13-A363-207EAE6D6CAB}"
EndProject
Project("{8BC9CEB8-8B4A-11D0-8D11-00A0C91BC942}") = "Ch7", "..\Ch7\Ch7.vcxproj", "{B4012C29-464E-4486-A80A-5216AD98ACF3}"
EndProject
Project("{2150E333-8FDC-42A3-9474-1A3956D46DE8}") = "Chapter8", "Chapter8", "{70328EFC-DA41-4615-9590-15C654106F5E}"
EndProject
Project("{8BC9CEB8-8B4A-11D0-8D11-00A0C91BC942}") = "Ch8", "..\Ch8\Ch8.vcxproj", "{C31AA863-D1F2-48F6-BA38-D8EF53A479C2}"
EndProject
Project("{2150E333-8FDC-42A3-9474-1A3956D46DE8}") = "Chapter9", "Chapter9", "{832779E8-8A5C-4747-8FF2-6C52FED33DE6}"
EndProject
Project("{8BC9CEB8-8B4A-11D0-8D11-00A0C91BC942}") = "Ch9", "..\Ch9\Ch9.vcxproj", "{43F483B7-CA90-4998-BD69-A9D633AB7280}"
EndProject
Project("{2150E333-8FDC-42A3-9474-1A3956D46DE8}") = "Chapter10", "Chapter10", "{423B4F64-E534-4880-81CD-61276EC48717}"
EndProject
Project("{8BC9CEB8-8B4A-11D0-8D11-00A0C91BC942}") = "Ch10", "..\Ch10\Ch10.vcxproj", "{BF678B75-A59A-4E5B-9BDD-7D0C1C6C1D12}"
EndProject
Global
	GlobalSection(SolutionConfigurationPlatforms) = preSolution
		Debug|x64 = Debug|x64
		Debug|x86 = Debug|x86
		Release|x64 = Release|x64
		Release|x86 = Release|x86
	EndGlobalSection
	GlobalSection(ProjectConfigurationPlatforms) = postSolution
		{B200E5FA-F190-4107-8012-ABBD193CF269}.Debug|x64.ActiveCfg = Debug|x64
		{B200E5FA-F190-4107-8012-ABBD193CF269}.Debug|x64.Build.0 = Debug|x64
		{B200E5FA-F190-4107-8012-ABBD193CF269}.Debug|x86.ActiveCfg = Debug|Win32
		{B200E5FA-F190-4107-8012-ABBD193CF269}.Debug|x86.Build.0 = Debug|Win32
		{B200E5FA-F190-4107-8012-ABBD193CF269}.Release|x64.ActiveCfg = Release|x64
		{B200E5FA-F190-4107-8012-ABBD193CF269}.Release|x64.Build.0 = Release|x64
		{B200E5FA-F190-4107-8012-ABBD193CF269}.Release|x86.ActiveCfg = Release|Win32
		{B200E5FA-F190-4107-8012-ABBD193CF269}.Release|x86.Build.0 = Release|Win32
		{B9827F47-A0CA-4DB7-AE36-1EAE98CDA133}.Debug|x64.ActiveCfg = Debug|x64
		{B9827F47-A0CA-4DB7-AE36-1EAE98CDA133}.Debug|x64.Build.0 = Debug|x64
		{B9827F47-A0CA-4DB7-AE36-1EAE98CDA133}.Debug|x86.ActiveCfg = Debug|Win32
		{B9827F47-A0CA-4DB7-AE36-1EAE98CDA133}.Debug|x86.Build.0 = Debug|Win32
		{B9827F47-A0CA-4DB7-AE36-1EAE98CDA133}.Release|x64.ActiveCfg = Release|x64
		{B9827F47-A0CA-4DB7-AE36-1EAE98CDA133}.Release|x64.Build.0 = Release|x64
		{B9827F47-A0CA-4DB7-AE36-1EAE98CDA133}.Release|x86.ActiveCfg = Release|Win32
		{B9827F47-A0CA-4DB7-AE36-1EAE98CDA133}.Release|x86.Build.0 = Release|Win32
		{EB07D2BF-67AF-4572-9F62-F55AF8F76594}.Debug|x64.ActiveCfg = Debug|x64
		{EB07D2BF-67AF-4572-9F62-F55AF8F76594}.Debug|x64.Build.0 = Debug|x64
		{EB07D2BF-67AF-4572-9F62-F55AF8F76594}.Debug|x86.ActiveCfg = Debug|Win32
		{EB07D2BF-67AF-4572-9F62-F55AF8F76594}.Debug|x86.Build.0 = Debug|Win32
		{EB07D2BF-67AF-4572-9F62-F55AF8F76594}.Release|x64.ActiveCfg = Release|x64
		{EB07D2BF-67AF-4572-9F62-F55AF8F76594}.Release|x64.Build.0 = Release|x64
		{EB07D2BF-67AF-4572-9F62-F55AF8F76594}.Release|x86.ActiveCfg = Release|Win32
		{EB07D2BF-67AF-4572-9F62-F55AF8F76594}.Release|x86.Build.0 = Release|Win32
		{DACD8512-783C-4674-B025-5281A9C83474}.Debug|x64.ActiveCfg = Debug|x64
		{DACD8512-783C-4674-B025-5281A9C83474}.Debug|x64.Build.0 = Debug|x64
		{DACD8512-783C-4674-B025-5281A9C83474}.Debug|x86.ActiveCfg = Debug|Win32
		{DACD8512-783C-4674-B025-5281A9C83474}.Debug|x86.Build.0 = Debug|Win32
		{DACD8512-783C-4674-B025-5281A9C83474}.Release|x64.ActiveCfg = Release|x64
		{DACD8512-783C-4674-B025-5281A9C83474}.Release|x64.Build.0 = Release|x64
		{DACD8512-783C-4674-B025-5281A9C83474}.Release|x86.ActiveCfg = Release|Win32
		{DACD8512-783C-4674-B025-5281A9C83474}.Release|x86.Build.0 = Release|Win32
		{46DEFB3A-8D9D-49BD-A59E-5CB058437CE5}.Debug|x64.ActiveCfg = Debug|x64
		{46DEFB3A-8D9D-49BD-A59E-5CB058437CE5}.Debug|x64.Build.0 = Debug|x64
		{46DEFB3A-8D9D-49BD-A59E-5CB058437CE5}.Debug|x86.ActiveCfg = Debug|Win32
		{46DEFB3A-8D9D-49BD-A59E-5CB058437CE5}.Debug|x86.Build.0 = Debug|Win32
		{46DEFB3A-8D9D-49BD-A59E-5CB058437CE5}.Release|x64.ActiveCfg = Release|x64
		{46DEFB3A-8D9D-49BD-A59E-5CB058437CE5}.Release|x64.Build.0 = Release|x64
		{46DEFB3A-8D9D-49BD-A59E-5CB058437CE5}.Release|x86.ActiveCfg = Release|Win32
		{46DEFB3A-8D9D-49BD-A59E-5CB058437CE5}.Release|x86.Build.0 = Release|Win32
		{EFB7E1B3-7760-453A-BA0A-5163B1CC52A2}.Debug|x64.ActiveCfg = Debug|x64
		{EFB7E1B3-7760-453A-BA0A-5163B1CC52A2}.Debug|x64.Build.0 = Debug|x64
		{EFB7E1B3-7760-453A-BA0A-5163B1CC52A2}.Debug|x86.ActiveCfg = Debug|Win32
		{EFB7E1B3-7760-453A-BA0A-5163B1CC52A2}.Debug|x86.Build.0 = Debug|Win32
		{EFB7E1B3-7760-453A-BA0A-5163B1CC52A2}.Release|x64.ActiveCfg = Release|x64
		{EFB7E1B3-7760-453A-BA0A-5163B1CC52A2}.Release|x64.Build.0 = Release|x64
		{EFB7E1B3-7760-453A-BA0A-5163B1CC52A2}.Release|x86.ActiveCfg = Release|Win32
		{EFB7E1B3-7760-453A-BA0A-5163B1CC52A2}.Release|x86.Build.0 = Release|Win32
		{108FF16A-268D-489D-822B-8173F7493F57}.Debug|x64.ActiveCfg = Debug|x64
		{108FF16A-268D-489D-822B-8173F7493F57}.Debug|x64.Build.0 = Debug|x64
		{108FF16A-268D-489D-822B-8173F7493F57}.Debug|x86.ActiveCfg = Debug|Win32
		{108FF16A-268D-489D-822B-8173F7493F57}.Debug|x86.Build.0 = Debug|Win32
		{108FF16A-268D-489D-822B-8173F7493F57}.Release|x64.ActiveCfg = Release|x64
		{108FF16A-268D-489D-822B-8173F7493F57}.Release|x64.Build.0 = Release|x64
		{108FF16A-268D-489D-822B-8173F7493F57}.Release|x86.ActiveCfg = Release|Win32
		{108FF16A-268D-489D-822B-8173F7493F57}.Release|x86.Build.0 = Release|Win32
		{B4012C29-464E-4486-A80A-5216AD98ACF3}.Debug|x64.ActiveCfg = Debug|x64
		{B4012C29-464E-4486-A80A-5216AD98ACF3}.Debug|x64.Build.0 = Debug|x64
		{B4012C29-464E-4486-A80A-5216AD98ACF3}.Debug|x86.ActiveCfg = Debug|Win32
		{B4012C29-464E-4486-A80A-5216AD98ACF3}.Debug|x86.Build.0 = Debug|Win32
		{B4012C29-464E-4486-A80A-5216AD98ACF3}.Release|x64.ActiveCfg = Release|x64
		{B4012C29-464E-4486-A80A-5216AD98ACF3}.Release|x64.Build.0 = Release|x64
		{B4012C29-464E-4486-A80A-5216AD98ACF3}.Release|x86.ActiveCfg = Release|Win32
		{B4012C29-464E-4486-A80A-5216AD98ACF3}.Release|x86.Build.0 = Release|Win32
		{C31AA863-D1F2-48F6-BA38-D8EF53A479C2}.Debug|x64.ActiveCfg = Debug|x64
		{C31AA863-D1F2-48F6-BA38-D8EF53A479C2}.Debug|x64.Build.0 = Debug|x64
		{C31AA863-D1F2-48F6-BA38-D8EF53A479C2}.Debug|x86.ActiveCfg = Debug|Win32
		{C31AA863-D1F2-48F6-BA38-D8EF53A479C2}.Debug|x86.Build.0 = Debug|Win32
		{C31AA863-D1F2-48F6-BA38-D8EF53A479C2}.Release|x64.ActiveCfg = Release|x64
		{C31AA863-D1F2-48F6-BA38-D8EF53A479C2}.Release|x64.Build.0 = Release|x64
		{C31AA863-D1F2-48F6-BA38-D8EF53A479C2}.Release|x86.ActiveCfg = Release|Win32
		{C31AA863-D1F2-48F6-BA38-D8EF53A479C2}.Release|x86.Build.0 = Release|Win32
		{43F483B7-CA90-4998-BD69-A9D633AB7280}.Debug|x64.ActiveCfg = Debug|x64
		{43F483B7-CA90-4998-BD69-A9D633AB7280}.Debug|x64.Build.0 = Debug|x64
		{43F483B7-CA90-4998-BD69-A9D633AB7280}.Debug|x86.ActiveCfg = Debug|Win32
		{43F483B7-CA90-4998-BD69-A9D633AB7280}.Debug|x86.Build.0 = Debug|Win32
		{43F483B7-CA90-4998-BD69-A9D633AB7280}.Release|x64.ActiveCfg = Release|x64
		{43F483B7-CA90-4998-BD69-A9D633AB7280}.Release|x64.Build.0 = Release|x64
		{43F483B7-CA90-4998-BD69-A9D633AB7280}.Release|x86.ActiveCfg = Release|Win32
		{43F483B7-CA90-4998-BD69-A9D633AB7280}.Release|x86.Build.0 = Release|Win32
		{BF678B75-A59A-4E5B-9BDD-7D0C1C6C1D12}.Debug|x64.ActiveCfg = Debug|x64
		{BF678B75-A59A-4E5B-9BDD-7D0C1C6C1D12}.Debug|x64.Build.0 = Debug|x64
		{BF678B75-A59A-4E5B-9BDD-7D0C1C6C1D12}.Debug|x86.ActiveCfg = Debug|Win32
		{BF678B75-A59A-4E5B-9BDD-7D0C1C6C1D12}.Debug|x86.Build.0 = Debug|Win32
		{BF678B75-A59A-4E5B-9BDD-7D0C1C6C1D12}.Release|x64.ActiveCfg = Release|x64
		{BF678B75-A59A-4E5B-9BDD-7D0C1C6C1D12}.Release|x64.Build.0 = Release|x64
		{BF678B75-A59A-4E5B-9BDD-7D0C1C6C1D12}.Release|x86.ActiveCfg = Release|Win32
		{BF678B75-A59A-4E5B-9BDD-7D0C1C6C1D12}.Release|x86.Build.0 = Release|Win32
	EndGlobalSection
	GlobalSection(SolutionProperties) = preSolution
		HideSolutionNode = FALSE
	EndGlobalSection
	GlobalSection(NestedProjects) = preSolution
		{B9827F47-A0CA-4DB7-AE36-1EAE98CDA133} = {292F2823-C6CD-40C2-AD9A-4C265A77178B}
		{EB07D2BF-67AF-4572-9F62-F55AF8F76594} = {F0EDE192-A33D-4F02-8536-0B8E003F68C8}
		{DACD8512-783C-4674-B025-5281A9C83474} = {D3CA23D7-9FA1-48F4-830E-FDAC8D2423EF}
		{46DEFB3A-8D9D-49BD-A59E-5CB058437CE5} = {C8D5274F-AC00-46C7-1F8D-E88E81087A52}
		{EFB7E1B3-7760-453A-BA0A-5163B1CC52A2} = {FEF0BB1C-CD35-4A33-86A1-E20BDA751283}
		{108FF16A-268D-489D-822B-8173F7493F57} = {7FEBAC68-85BF-4EC8-8C26-C0D851723FA4}
		{B4012C29-464E-4486-A80A-5216AD98ACF3} = {4DB6E7CD-960A-4E13-A363-207EAE6D6CAB}
		{C31AA863-D1F2-48F6-BA38-D8EF53A479C2} = {70328EFC-DA41-4615-9590-15C654106F5E}
		{43F483B7-CA90-4998-BD69-A9D633AB7280} = {832779E8-8A5C-4747-8FF2-6C52FED33DE6}
		{BF678B75-A59A-4E5B-9BDD-7D0C1C6C1D12} = {423B4F64-E534-4880-81CD-61276EC48717}
	EndGlobalSection
	GlobalSection(ExtensibilityGlobals) = postSolution
		SolutionGuid = {9263FC2C-AEE0-4176-BB47-17575EF5C056}
	EndGlobalSection
EndGlobal
